<?xml version="1.0" encoding="utf-8"?>
<Project ToolsVersion="17.0" xmlns="http://schemas.microsoft.com/developer/msbuild/2003">
  <ItemGroup>
    <CustomBuild Include="E:\Games\DC3DD\DC3DDMesTextTool_GUI - Copy berantakan\DC3DDPatch a\build_dc3dd_win32\CMakeFiles\08e389f2a4aa1c148c481b80a917c132\generate.stamp.rule">
      <Filter>CMake Rules</Filter>
    </CustomBuild>
  </ItemGroup>
  <ItemGroup>
    <Filter Include="CMake Rules">
      <UniqueIdentifier>{90301FEE-CB58-3141-A0B4-13087F411CC4}</UniqueIdentifier>
    </Filter>
  </ItemGroup>
</Project>
